{
  "version": 1,
  "dependencies": {
    "net8.0": {
      "Clojure": {
        "type": "Direct",
        "requested": "[1.12.2, )",
        "resolved": "1.12.2",
        "contentHash": "XvUPpS902AXixh4j4kBvfqQqDx4hzZooqAKbncyAXw9newJ2t5+1/4527uLwN9aEDK76FSaDDdEvGzl9JWtCHA==",
        "dependencies": {
          "DynamicLanguageRuntime": "1.3.5",
          "clojure.core.specs.alpha": "0.4.74",
          "clojure.spec.alpha": "0.5.238",
          "clojure.tools.reader": "1.5.0"
        }
      },
      "clojure.core.specs.alpha": {
        "type": "Transitive",
        "resolved": "0.4.74",
        "contentHash": "MslxwCw9Y3Tnc5i0AF1rXo1At0U6dR05fWyiSed8rZbirGgIs4anLv80pXS60Id3qO1EnZml7zAZh+eNqdtP/Q==",
        "dependencies": {
          "clojure.spec.alpha": "0.5.238"
        }
      },
      "clojure.spec.alpha": {
        "type": "Transitive",
        "resolved": "0.5.238",
        "contentHash": "ctUkI33hy/CNgu6JMWLdLLlmcWDRFM49PvsMlARPFRIgTkTVniT+m06Nn3XFT0kVh5KDRAWuTpMGdq44Et0fgg==",
        "dependencies": {
          "clojure.test.check": "1.1.2"
        }
      },
      "clojure.test.check": {
        "type": "Transitive",
        "resolved": "1.1.2",
        "contentHash": "0NR4lxVPJZKZgf01fpUV+LKEEKosTIURvg+hFNipwNtwRxKVUtWO/yaqCZHjb0mFJPsMQ4yDaejlMf6l0Lel7w=="
      },
      "clojure.tools.reader": {
        "type": "Transitive",
        "resolved": "1.5.0",
        "contentHash": "nGJ3aUGdRpx3GOMmy8ksHpzxTT2wXJUo+nzD3tJWKXjI3Sd7ufpDa5FkMmG0UqVZKwve5ijXx6oDyr+DAoE7fg=="
      },
      "DynamicLanguageRuntime": {
        "type": "Transitive",
        "resolved": "1.3.5",
        "contentHash": "HHCVAlsIe8eBuj0bxh+0zCflYPeu+WSmP5iJ2J+oqd9wa1j7kcw70hiGPxoDPSoLM/RRLGXUdvj7ISkelxLpNw==",
        "dependencies": {
          "System.CodeDom": "8.0.0"
        }
      },
      "System.CodeDom": {
        "type": "Transitive",
        "resolved": "8.0.0",
        "contentHash": "WTlRjL6KWIMr/pAaq3rYqh0TJlzpouaQ/W1eelssHgtlwHAH25jXTkUphTYx9HaIIf7XA6qs/0+YhtLEQRkJ+Q=="
      }
    }
  }
}